// !$*UTF8*$!
{
	archiveVersion = 1;
	classes = {
	};
	objectVersion = 50;
	objects = {

/* Begin PBXBuildFile section */
		D899E009248371D900DBDA47 /* main.cpp in Sources */ = {isa = PBXBuildFile; fileRef = D899E008248371D900DBDA47 /* main.cpp */; };
		D899E02E2483AF0700DBDA47 /* menu.cpp in Sources */ = {isa = PBXBuildFile; fileRef = D899E02C2483AF0700DBDA47 /* menu.cpp */; };
		D899E0332483B0A800DBDA47 /* install.cpp in Sources */ = {isa = PBXBuildFile; fileRef = D899E0312483B0A800DBDA47 /* install.cpp */; };
		D899E0372483B1F100DBDA47 /* reservation.cpp in Sources */ = {isa = PBXBuildFile; fileRef = D899E0352483B1F100DBDA47 /* reservation.cpp */; };
		D899E03E2483B2D500DBDA47 /* showReservation.cpp in Sources */ = {isa = PBXBuildFile; fileRef = D899E03C2483B2D500DBDA47 /* showReservation.cpp */; };
		D899E0422483B3CA00DBDA47 /* availableBuses.cpp in Sources */ = {isa = PBXBuildFile; fileRef = D899E0402483B3CA00DBDA47 /* availableBuses.cpp */; };
		D8A14C5F248445F200CD7015 /* prettyPrint.cpp in Sources */ = {isa = PBXBuildFile; fileRef = D8A14C5D248445F200CD7015 /* prettyPrint.cpp */; };
/* End PBXBuildFile section */

/* Begin PBXCopyFilesBuildPhase section */
		D899E003248371D900DBDA47 /* CopyFiles */ = {
			isa = PBXCopyFilesBuildPhase;
			buildActionMask = 2147483647;
			dstPath = /usr/share/man/man1/;
			dstSubfolderSpec = 0;
			files = (
			);
			runOnlyForDeploymentPostprocessing = 1;
		};
/* End PBXCopyFilesBuildPhase section */

/* Begin PBXFileReference section */
		D899E005248371D900DBDA47 /* Bus Reservation */ = {isa = PBXFileReference; explicitFileType = "compiled.mach-o.executable"; includeInIndex = 0; path = "Bus Reservation"; sourceTree = BUILT_PRODUCTS_DIR; };
		D899E008248371D900DBDA47 /* main.cpp */ = {isa = PBXFileReference; lastKnownFileType = sourcecode.cpp.cpp; path = main.cpp; sourceTree = "<group>"; };
		D899E02C2483AF0700DBDA47 /* menu.cpp */ = {isa = PBXFileReference; lastKnownFileType = sourcecode.cpp.cpp; path = menu.cpp; sourceTree = "<group>"; };
		D899E02D2483AF0700DBDA47 /* menu.hpp */ = {isa = PBXFileReference; lastKnownFileType = sourcecode.cpp.h; path = menu.hpp; sourceTree = "<group>"; };
		D899E0312483B0A800DBDA47 /* install.cpp */ = {isa = PBXFileReference; lastKnownFileType = sourcecode.cpp.cpp; path = install.cpp; sourceTree = "<group>"; };
		D899E0322483B0A800DBDA47 /* install.hpp */ = {isa = PBXFileReference; lastKnownFileType = sourcecode.cpp.h; path = install.hpp; sourceTree = "<group>"; };
		D899E0352483B1F100DBDA47 /* reservation.cpp */ = {isa = PBXFileReference; lastKnownFileType = sourcecode.cpp.cpp; path = reservation.cpp; sourceTree = "<group>"; };
		D899E0362483B1F100DBDA47 /* reservation.hpp */ = {isa = PBXFileReference; lastKnownFileType = sourcecode.cpp.h; path = reservation.hpp; sourceTree = "<group>"; };
		D899E03C2483B2D500DBDA47 /* showReservation.cpp */ = {isa = PBXFileReference; lastKnownFileType = sourcecode.cpp.cpp; path = showReservation.cpp; sourceTree = "<group>"; };
		D899E03D2483B2D500DBDA47 /* showReservation.hpp */ = {isa = PBXFileReference; lastKnownFileType = sourcecode.cpp.h; path = showReservation.hpp; sourceTree = "<group>"; };
		D899E0402483B3CA00DBDA47 /* availableBuses.cpp */ = {isa = PBXFileReference; lastKnownFileType = sourcecode.cpp.cpp; path = availableBuses.cpp; sourceTree = "<group>"; };
		D899E0412483B3CA00DBDA47 /* availableBuses.hpp */ = {isa = PBXFileReference; lastKnownFileType = sourcecode.cpp.h; path = availableBuses.hpp; sourceTree = "<group>"; };
		D8A14C5D248445F200CD7015 /* prettyPrint.cpp */ = {isa = PBXFileReference; lastKnownFileType = sourcecode.cpp.cpp; path = prettyPrint.cpp; sourceTree = "<group>"; };
		D8A14C5E248445F200CD7015 /* prettyPrint.hpp */ = {isa = PBXFileReference; lastKnownFileType = sourcecode.cpp.h; path = prettyPrint.hpp; sourceTree = "<group>"; };
/* End PBXFileReference section */

/* Begin PBXFrameworksBuildPhase section */
		D899E002248371D900DBDA47 /* Frameworks */ = {
			isa = PBXFrameworksBuildPhase;
			buildActionMask = 2147483647;
			files = (
			);
			runOnlyForDeploymentPostprocessing = 0;
		};
/* End PBXFrameworksBuildPhase section */

/* Begin PBXGroup section */
		D899DFFC248371D900DBDA47 = {
			isa = PBXGroup;
			children = (
				D899E007248371D900DBDA47 /* Bus Reservation */,
				D899E006248371D900DBDA47 /* Products */,
			);
			sourceTree = "<group>";
		};
		D899E006248371D900DBDA47 /* Products */ = {
			isa = PBXGroup;
			children = (
				D899E005248371D900DBDA47 /* Bus Reservation */,
			);
			name = Products;
			sourceTree = "<group>";
		};
		D899E007248371D900DBDA47 /* Bus Reservation */ = {
			isa = PBXGroup;
			children = (
				D899E008248371D900DBDA47 /* main.cpp */,
				D899E0302483B09500DBDA47 /* menu */,
				D899E0342483B0AC00DBDA47 /* install */,
				D899E0382483B1F400DBDA47 /* reservation */,
				D899E03F2483B2E400DBDA47 /* show reservation */,
				D899E0432483B3CE00DBDA47 /* available buses */,
				D8A14C60248445F500CD7015 /* pretty print */,
			);
			path = "Bus Reservation";
			sourceTree = "<group>";
		};
		D899E0302483B09500DBDA47 /* menu */ = {
			isa = PBXGroup;
			children = (
				D899E02C2483AF0700DBDA47 /* menu.cpp */,
				D899E02D2483AF0700DBDA47 /* menu.hpp */,
			);
			path = menu;
			sourceTree = "<group>";
		};
		D899E0342483B0AC00DBDA47 /* install */ = {
			isa = PBXGroup;
			children = (
				D899E0312483B0A800DBDA47 /* install.cpp */,
				D899E0322483B0A800DBDA47 /* install.hpp */,
			);
			path = install;
			sourceTree = "<group>";
		};
		D899E0382483B1F400DBDA47 /* reservation */ = {
			isa = PBXGroup;
			children = (
				D899E0352483B1F100DBDA47 /* reservation.cpp */,
				D899E0362483B1F100DBDA47 /* reservation.hpp */,
			);
			path = reservation;
			sourceTree = "<group>";
		};
		D899E03F2483B2E400DBDA47 /* show reservation */ = {
			isa = PBXGroup;
			children = (
				D899E03C2483B2D500DBDA47 /* showReservation.cpp */,
				D899E03D2483B2D500DBDA47 /* showReservation.hpp */,
			);
			path = "show reservation";
			sourceTree = "<group>";
		};
		D899E0432483B3CE00DBDA47 /* available buses */ = {
			isa = PBXGroup;
			children = (
				D899E0402483B3CA00DBDA47 /* availableBuses.cpp */,
				D899E0412483B3CA00DBDA47 /* availableBuses.hpp */,
			);
			path = "available buses";
			sourceTree = "<group>";
		};
		D8A14C60248445F500CD7015 /* pretty print */ = {
			isa = PBXGroup;
			children = (
				D8A14C5D248445F200CD7015 /* prettyPrint.cpp */,
				D8A14C5E248445F200CD7015 /* prettyPrint.hpp */,
			);
			path = "pretty print";
			sourceTree = "<group>";
		};
/* End PBXGroup section */

/* Begin PBXNativeTarget section */
		D899E004248371D900DBDA47 /* Bus Reservation */ = {
			isa = PBXNativeTarget;
			buildConfigurationList = D899E00C248371D900DBDA47 /* Build configuration list for PBXNativeTarget "Bus Reservation" */;
			buildPhases = (
				D899E001248371D900DBDA47 /* Sources */,
				D899E002248371D900DBDA47 /* Frameworks */,
				D899E003248371D900DBDA47 /* CopyFiles */,
			);
			buildRules = (
			);
			dependencies = (
			);
			name = "Bus Reservation";
			productName = "Bus Reservation";
			productReference = D899E005248371D900DBDA47 /* Bus Reservation */;
			productType = "com.apple.product-type.tool";
		};
/* End PBXNativeTarget section */

/* Begin PBXProject section */
		D899DFFD248371D900DBDA47 /* Project object */ = {
			isa = PBXProject;
			attributes = {
				LastUpgradeCheck = 1130;
				ORGANIZATIONNAME = "Farhan Syed";
				TargetAttributes = {
					D899E004248371D900DBDA47 = {
						CreatedOnToolsVersion = 11.3;
					};
				};
			};
			buildConfigurationList = D899E000248371D900DBDA47 /* Build configuration list for PBXProject "Bus Reservation" */;
			compatibilityVersion = "Xcode 9.3";
			developmentRegion = en;
			hasScannedForEncodings = 0;
			knownRegions = (
				en,
				Base,
			);
			mainGroup = D899DFFC248371D900DBDA47;
			productRefGroup = D899E006248371D900DBDA47 /* Products */;
			projectDirPath = "";
			projectRoot = "";
			targets = (
				D899E004248371D900DBDA47 /* Bus Reservation */,
			);
		};
/* End PBXProject section */

/* Begin PBXSourcesBuildPhase section */
		D899E001248371D900DBDA47 /* Sources */ = {
			isa = PBXSourcesBuildPhase;
			buildActionMask = 2147483647;
			files = (
				D899E02E2483AF0700DBDA47 /* menu.cpp in Sources */,
				D899E03E2483B2D500DBDA47 /* showReservation.cpp in Sources */,
				D899E0422483B3CA00DBDA47 /* availableBuses.cpp in Sources */,
				D899E009248371D900DBDA47 /* main.cpp in Sources */,
				D899E0372483B1F100DBDA47 /* reservation.cpp in Sources */,
				D899E0332483B0A800DBDA47 /* install.cpp in Sources */,
				D8A14C5F248445F200CD7015 /* prettyPrint.cpp in Sources */,
			);
			runOnlyForDeploymentPostprocessing = 0;
		};
/* End PBXSourcesBuildPhase section */

/* Begin XCBuildConfiguration section */
		D899E00A248371D900DBDA47 /* Debug */ = {
			isa = XCBuildConfiguration;
			buildSettings = {
				ALWAYS_SEARCH_USER_PATHS = NO;
				CLANG_ANALYZER_NONNULL = YES;
				CLANG_ANALYZER_NUMBER_OBJECT_CONVERSION = YES_AGGRESSIVE;
				CLANG_CXX_LANGUAGE_STANDARD = "gnu++14";
				CLANG_CXX_LIBRARY = "libc++";
				CLANG_ENABLE_MODULES = YES;
				CLANG_ENABLE_OBJC_ARC = YES;
				CLANG_ENABLE_OBJC_WEAK = YES;
				CLANG_WARN_BLOCK_CAPTURE_AUTORELEASING = YES;
				CLANG_WARN_BOOL_CONVERSION = YES;
				CLANG_WARN_COMMA = YES;
				CLANG_WARN_CONSTANT_CONVERSION = YES;
				CLANG_WARN_DEPRECATED_OBJC_IMPLEMENTATIONS = YES;
				CLANG_WARN_DIRECT_OBJC_ISA_USAGE = YES_ERROR;
				CLANG_WARN_DOCUMENTATION_COMMENTS = YES;
				CLANG_WARN_EMPTY_BODY = YES;
				CLANG_WARN_ENUM_CONVERSION = YES;
				CLANG_WARN_INFINITE_RECURSION = YES;
				CLANG_WARN_INT_CONVERSION = YES;
				CLANG_WARN_NON_LITERAL_NULL_CONVERSION = YES;
				CLANG_WARN_OBJC_IMPLICIT_RETAIN_SELF = YES;
				CLANG_WARN_OBJC_LITERAL_CONVERSION = YES;
				CLANG_WARN_OBJC_ROOT_CLASS = YES_ERROR;
				CLANG_WARN_RANGE_LOOP_ANALYSIS = YES;
				CLANG_WARN_STRICT_PROTOTYPES = YES;
				CLANG_WARN_SUSPICIOUS_MOVE = YES;
				CLANG_WARN_UNGUARDED_AVAILABILITY = YES_AGGRESSIVE;
				CLANG_WARN_UNREACHABLE_CODE = YES;
				CLANG_WARN__DUPLICATE_METHOD_MATCH = YES;
				COPY_PHASE_STRIP = NO;
				DEBUG_INFORMATION_FORMAT = dwarf;
				ENABLE_STRICT_OBJC_MSGSEND = YES;
				ENABLE_TESTABILITY = YES;
				GCC_C_LANGUAGE_STANDARD = gnu11;
				GCC_DYNAMIC_NO_PIC = NO;
				GCC_NO_COMMON_BLOCKS = YES;
				GCC_OPTIMIZATION_LEVEL = 0;
				GCC_PREPROCESSOR_DEFINITIONS = (
					"DEBUG=1",
					"$(inherited)",
				);
				GCC_WARN_64_TO_32_BIT_CONVERSION = YES;
				GCC_WARN_ABOUT_RETURN_TYPE = YES_ERROR;
				GCC_WARN_UNDECLARED_SELECTOR = YES;
				GCC_WARN_UNINITIALIZED_AUTOS = YES_AGGRESSIVE;
				GCC_WARN_UNUSED_FUNCTION = YES;
				GCC_WARN_UNUSED_VARIABLE = YES;
				MACOSX_DEPLOYMENT_TARGET = 10.14;
				MTL_ENABLE_DEBUG_INFO = INCLUDE_SOURCE;
				MTL_FAST_MATH = YES;
				ONLY_ACTIVE_ARCH = YES;
				SDKROOT = macosx;
			};
			name = Debug;
		};
		D899E00B248371D900DBDA47 /* Release */ = {
			isa = XCBuildConfiguration;
			buildSettings = {
				ALWAYS_SEARCH_USER_PATHS = NO;
				CLANG_ANALYZER_NONNULL = YES;
				CLANG_ANALYZER_NUMBER_OBJECT_CONVERSION = YES_AGGRESSIVE;
				CLANG_CXX_LANGUAGE_STANDARD = "gnu++14";
				CLANG_CXX_LIBRARY = "libc++";
				CLANG_ENABLE_MODULES = YES;
				CLANG_ENABLE_OBJC_ARC = YES;
				CLANG_ENABLE_OBJC_WEAK = YES;
				CLANG_WARN_BLOCK_CAPTURE_AUTORELEASING = YES;
				CLANG_WARN_BOOL_CONVERSION = YES;
				CLANG_WARN_COMMA = YES;
				CLANG_WARN_CONSTANT_CONVERSION = YES;
				CLANG_WARN_DEPRECATED_OBJC_IMPLEMENTATIONS = YES;
				CLANG_WARN_DIRECT_OBJC_ISA_USAGE = YES_ERROR;
				CLANG_WARN_DOCUMENTATION_COMMENTS = YES;
				CLANG_WARN_EMPTY_BODY = YES;
				CLANG_WARN_ENUM_CONVERSION = YES;
				CLANG_WARN_INFINITE_RECURSION = YES;
				CLANG_WARN_INT_CONVERSION = YES;
				CLANG_WARN_NON_LITERAL_NULL_CONVERSION = YES;
				CLANG_WARN_OBJC_IMPLICIT_RETAIN_SELF = YES;
				CLANG_WARN_OBJC_LITERAL_CONVERSION = YES;
				CLANG_WARN_OBJC_ROOT_CLASS = YES_ERROR;
				CLANG_WARN_RANGE_LOOP_ANALYSIS = YES;
				CLANG_WARN_STRICT_PROTOTYPES = YES;
				CLANG_WARN_SUSPICIOUS_MOVE = YES;
				CLANG_WARN_UNGUARDED_AVAILABILITY = YES_AGGRESSIVE;
				CLANG_WARN_UNREACHABLE_CODE = YES;
				CLANG_WARN__DUPLICATE_METHOD_MATCH = YES;
				COPY_PHASE_STRIP = NO;
				DEBUG_INFORMATION_FORMAT = "dwarf-with-dsym";
				ENABLE_NS_ASSERTIONS = NO;
				ENABLE_STRICT_OBJC_MSGSEND = YES;
				GCC_C_LANGUAGE_STANDARD = gnu11;
				GCC_NO_COMMON_BLOCKS = YES;
				GCC_WARN_64_TO_32_BIT_CONVERSION = YES;
				GCC_WARN_ABOUT_RETURN_TYPE = YES_ERROR;
				GCC_WARN_UNDECLARED_SELECTOR = YES;
				GCC_WARN_UNINITIALIZED_AUTOS = YES_AGGRESSIVE;
				GCC_WARN_UNUSED_FUNCTION = YES;
				GCC_WARN_UNUSED_VARIABLE = YES;
				MACOSX_DEPLOYMENT_TARGET = 10.14;
				MTL_ENABLE_DEBUG_INFO = NO;
				MTL_FAST_MATH = YES;
				SDKROOT = macosx;
			};
			name = Release;
		};
		D899E00D248371D900DBDA47 /* Debug */ = {
			isa = XCBuildConfiguration;
			buildSettings = {
				CODE_SIGN_STYLE = Automatic;
				PRODUCT_NAME = "$(TARGET_NAME)";
			};
			name = Debug;
		};
		D899E00E248371D900DBDA47 /* Release */ = {
			isa = XCBuildConfiguration;
			buildSettings = {
				CODE_SIGN_STYLE = Automatic;
				PRODUCT_NAME = "$(TARGET_NAME)";
			};
			name = Release;
		};
/* End XCBuildConfiguration section */

/* Begin XCConfigurationList section */
		D899E000248371D900DBDA47 /* Build configuration list for PBXProject "Bus Reservation" */ = {
			isa = XCConfigurationList;
			buildConfigurations = (
				D899E00A248371D900DBDA47 /* Debug */,
				D899E00B248371D900DBDA47 /* Release */,
			);
			defaultConfigurationIsVisible = 0;
			defaultConfigurationName = Release;
		};
		D899E00C248371D900DBDA47 /* Build configuration list for PBXNativeTarget "Bus Reservation" */ = {
			isa = XCConfigurationList;
			buildConfigurations = (
				D899E00D248371D900DBDA47 /* Debug */,
				D899E00E248371D900DBDA47 /* Release */,
			);
			defaultConfigurationIsVisible = 0;
			defaultConfigurationName = Release;
		};
/* End XCConfigurationList section */
	};
	rootObject = D899DFFD248371D900DBDA47 /* Project object */;
}
